
Microsoft Visual Studio Solution File, Format Version 12.00
# Visual Studio Version 17
VisualStudioVersion = 17.14.36202.13
MinimumVisualStudioVersion = 10.0.40219.1
Project("{FAE04EC0-301F-11D3-BF4B-00C04F79EFBC}") = "LexiBox.API", "LexiBox.API\LexiBox.API.csproj", "{474D6A31-0751-4DC9-97A8-9A3FE1D652F9}"
EndProject
Global
	GlobalSection(SolutionConfigurationPlatforms) = preSolution
		Debug|Any CPU = Debug|Any CPU
		Release|Any CPU = Release|Any CPU
	EndGlobalSection
	GlobalSection(ProjectConfigurationPlatforms) = postSolution
		{474D6A31-0751-4DC9-97A8-9A3FE1D652F9}.Debug|Any CPU.ActiveCfg = Debug|Any CPU
		{474D6A31-0751-4DC9-97A8-9A3FE1D652F9}.Debug|Any CPU.Build.0 = Debug|Any CPU
		{474D6A31-0751-4DC9-97A8-9A3FE1D652F9}.Release|Any CPU.ActiveCfg = Release|Any CPU
		{474D6A31-0751-4DC9-97A8-9A3FE1D652F9}.Release|Any CPU.Build.0 = Release|Any CPU
	EndGlobalSection
	GlobalSection(SolutionProperties) = preSolution
		HideSolutionNode = FALSE
	EndGlobalSection
	GlobalSection(ExtensibilityGlobals) = postSolution
		SolutionGuid = {326E1334-95D5-40A9-ACF3-17BB8E38C443}
	EndGlobalSection
EndGlobal
